
Microsoft Visual Studio Solution File, Format Version 12.00
# Visual Studio Version 17
VisualStudioVersion = 17.1.32228.430
MinimumVisualStudioVersion = 10.0.40219.1
Project("{9A19103F-16F7-4668-BE54-9A1E7A4F7556}") = "PeopleNotes", "PeopleNotes.csproj", "{A3EEE735-E61B-4E18-8059-D1F4DDF189FB}"
EndProject
Project("{9A19103F-16F7-4668-BE54-9A1E7A4F7556}") = "PeopleNotes.Classes", "..\PeopleNotes.Classes\PeopleNotes.Classes.csproj", "{96FF66AE-3F1F-4B44-9DEC-E55067B09259}"
EndProject
Project("{9A19103F-16F7-4668-BE54-9A1E7A4F7556}") = "PeopleNotes.Data", "..\PeopleNotes.Data\PeopleNotes.Data.csproj", "{DFE25CA3-44AC-4B75-97FF-A14E3299A144}"
EndProject
Global
	GlobalSection(SolutionConfigurationPlatforms) = preSolution
		Debug|Any CPU = Debug|Any CPU
		Release|Any CPU = Release|Any CPU
	EndGlobalSection
	GlobalSection(ProjectConfigurationPlatforms) = postSolution
		{A3EEE735-E61B-4E18-8059-D1F4DDF189FB}.Debug|Any CPU.ActiveCfg = Debug|Any CPU
		{A3EEE735-E61B-4E18-8059-D1F4DDF189FB}.Debug|Any CPU.Build.0 = Debug|Any CPU
		{A3EEE735-E61B-4E18-8059-D1F4DDF189FB}.Release|Any CPU.ActiveCfg = Release|Any CPU
		{A3EEE735-E61B-4E18-8059-D1F4DDF189FB}.Release|Any CPU.Build.0 = Release|Any CPU
		{96FF66AE-3F1F-4B44-9DEC-E55067B09259}.Debug|Any CPU.ActiveCfg = Debug|Any CPU
		{96FF66AE-3F1F-4B44-9DEC-E55067B09259}.Debug|Any CPU.Build.0 = Debug|Any CPU
		{96FF66AE-3F1F-4B44-9DEC-E55067B09259}.Release|Any CPU.ActiveCfg = Release|Any CPU
		{96FF66AE-3F1F-4B44-9DEC-E55067B09259}.Release|Any CPU.Build.0 = Release|Any CPU
		{DFE25CA3-44AC-4B75-97FF-A14E3299A144}.Debug|Any CPU.ActiveCfg = Debug|Any CPU
		{DFE25CA3-44AC-4B75-97FF-A14E3299A144}.Debug|Any CPU.Build.0 = Debug|Any CPU
		{DFE25CA3-44AC-4B75-97FF-A14E3299A144}.Release|Any CPU.ActiveCfg = Release|Any CPU
		{DFE25CA3-44AC-4B75-97FF-A14E3299A144}.Release|Any CPU.Build.0 = Release|Any CPU
	EndGlobalSection
	GlobalSection(SolutionProperties) = preSolution
		HideSolutionNode = FALSE
	EndGlobalSection
	GlobalSection(ExtensibilityGlobals) = postSolution
		SolutionGuid = {9AAD9CFA-4ADC-49F7-B6EE-D3155FD43284}
	EndGlobalSection
EndGlobal
